github.com/gorilla/mux v1.7.4 h1:VuZ8uybHlWmqV03+zRzdwKL4tUnIp1MAQtp1mIFE1bc=
github.com/gorilla/mux v1.7.4/go.mod h1:DVbg23sWSpFRCP0SfiEN6jmj59UnW/n46BH5rLB71So=
github.com/kirigaikabuto/products v1.0.0 h1:GbJJ0ZR7PwQyKeFs37xETcE+ygEvD+1rkckp5XEz//g=
github.com/kirigaikabuto/products v1.0.0/go.mod h1:QQbitK9ytOtfROcwvT28o9WmSfA5ZC5XIIGhPpe0IOU=
github.com/kirigaikabuto/products v1.0.1-0.20200819174453-dad4723fced4 h1:TO/z21bg3xd1VR75N6o9iQMeJndNns2YCxRPS1ZR9vk=
github.com/kirigaikabuto/products v1.0.1-0.20200819174453-dad4723fced4/go.mod h1:QQbitK9ytOtfROcwvT28o9WmSfA5ZC5XIIGhPpe0IOU=
github.com/kirigaikabuto/products v1.0.1-0.20200819180012-95b680c1c8e0 h1:oLhUitQW2+/q1xTTMMfSrvonXCs9GytBZGUfhB3vUn0=
github.com/kirigaikabuto/products v1.0.1-0.20200819180012-95b680c1c8e0/go.mod h1:QQbitK9ytOtfROcwvT28o9WmSfA5ZC5XIIGhPpe0IOU=
github.com/kirigaikabuto/products v1.0.1-0.20200820022051-f516993a1e94 h1:55CXtm8pOU8rA8o1xNQBlQv1EjhIGjlbCa/pOnNpTLY=
github.com/kirigaikabuto/products v1.0.1-0.20200820022051-f516993a1e94/go.mod h1:QQbitK9ytOtfROcwvT28o9WmSfA5ZC5XIIGhPpe0IOU=
github.com/kirigaikabuto/products v1.0.1-0.20200820023932-9e12decdcd90 h1:p7CPyLx3M3FGsSpef2sfx+U4hZjcFXCmqQRK80gDErE=
github.com/kirigaikabuto/products v1.0.1-0.20200820023932-9e12decdcd90/go.mod h1:QQbitK9ytOtfROcwvT28o9WmSfA5ZC5XIIGhPpe0IOU=
github.com/kirigaikabuto/products v1.0.1-0.20200820082420-1eafc4b78c63 h1:qeKV77jKkG5QfSWMSMYfaDzmNg5Qifvbl30DvnxpPvE=
github.com/kirigaikabuto/products v1.0.1-0.20200820082420-1eafc4b78c63/go.mod h1:QQbitK9ytOtfROcwvT28o9WmSfA5ZC5XIIGhPpe0IOU=
github.com/kirigaikabuto/products v1.0.1-0.20200820082946-6280238d4506 h1:QYT6AM9TMFSjB3V4mUWFL97FB0x48FYT2geieqSCo9U=
github.com/kirigaikabuto/products v1.0.1-0.20200820082946-6280238d4506/go.mod h1:QQbitK9ytOtfROcwvT28o9WmSfA5ZC5XIIGhPpe0IOU=
github.com/kirigaikabuto/products v1.0.1-0.20200820084349-bf7cc6079a5d h1:/GinkD3ju+QlEJEJxjh5jAMfw+yqmuttr724ddfrlzs=
github.com/kirigaikabuto/products v1.0.1-0.20200820084349-bf7cc6079a5d/go.mod h1:QQbitK9ytOtfROcwvT28o9WmSfA5ZC5XIIGhPpe0IOU=
github.com/lib/pq v1.8.0 h1:9xohqzkUwzR4Ga4ivdTcawVS89YSDVxXMa3xJX3cGzg=
github.com/lib/pq v1.8.0/go.mod h1:AlVN5x4E4T544tWzH6hKfbfQvm3HdbOxrmggDNAPY9o=
